
Microsoft Visual Studio Solution File, Format Version 12.00
# Visual Studio 2015
Project("{FAE04EC0-301F-11D3-BF4B-00C04F79EFBC}") = "Toy Castle.CSharp", "Toy Castle.CSharp.csproj", "{442745F0-C1D0-FB51-C0A1-1E2F4D5FCC4E}"
EndProject
Global
	GlobalSection(SolutionConfigurationPlatforms) = preSolution
		Debug|Any CPU = Debug|Any CPU
		Release|Any CPU = Release|Any CPU
	EndGlobalSection
	GlobalSection(ProjectConfigurationPlatforms) = postSolution
		{442745F0-C1D0-FB51-C0A1-1E2F4D5FCC4E}.Debug|Any CPU.ActiveCfg = Debug|Any CPU
		{442745F0-C1D0-FB51-C0A1-1E2F4D5FCC4E}.Debug|Any CPU.Build.0 = Debug|Any CPU
		{442745F0-C1D0-FB51-C0A1-1E2F4D5FCC4E}.Release|Any CPU.ActiveCfg = Release|Any CPU
		{442745F0-C1D0-FB51-C0A1-1E2F4D5FCC4E}.Release|Any CPU.Build.0 = Release|Any CPU
	EndGlobalSection
	GlobalSection(SolutionProperties) = preSolution
		HideSolutionNode = FALSE
	EndGlobalSection
EndGlobal
